
Microsoft Visual Studio Solution File, Format Version 12.00
# Visual Studio Version 17
VisualStudioVersion = 17.3.32901.215
MinimumVisualStudioVersion = 10.0.40219.1
Project("{FAE04EC0-301F-11D3-BF4B-00C04F79EFBC}") = "lab4", "lab3\lab4.csproj", "{4EC458D3-663C-41C5-BC15-570EE93C9436}"
EndProject
Global
	GlobalSection(SolutionConfigurationPlatforms) = preSolution
		Debug|Any CPU = Debug|Any CPU
		Release|Any CPU = Release|Any CPU
	EndGlobalSection
	GlobalSection(ProjectConfigurationPlatforms) = postSolution
		{4EC458D3-663C-41C5-BC15-570EE93C9436}.Debug|Any CPU.ActiveCfg = Debug|Any CPU
		{4EC458D3-663C-41C5-BC15-570EE93C9436}.Debug|Any CPU.Build.0 = Debug|Any CPU
		{4EC458D3-663C-41C5-BC15-570EE93C9436}.Release|Any CPU.ActiveCfg = Release|Any CPU
		{4EC458D3-663C-41C5-BC15-570EE93C9436}.Release|Any CPU.Build.0 = Release|Any CPU
	EndGlobalSection
	GlobalSection(SolutionProperties) = preSolution
		HideSolutionNode = FALSE
	EndGlobalSection
	GlobalSection(ExtensibilityGlobals) = postSolution
		SolutionGuid = {33F67C64-3D38-4D3F-84B3-9654F0E56B88}
	EndGlobalSection
EndGlobal
