
Microsoft Visual Studio Solution File, Format Version 12.00
# Visual Studio Version 17
VisualStudioVersion = 17.3.32901.215
MinimumVisualStudioVersion = 10.0.40219.1
Project("{FAE04EC0-301F-11D3-BF4B-00C04F79EFBC}") = "lab2", "lab2\lab2.csproj", "{B9741261-E704-43E1-BD4E-FEC9C62936AD}"
EndProject
Global
	GlobalSection(SolutionConfigurationPlatforms) = preSolution
		Debug|Any CPU = Debug|Any CPU
		Release|Any CPU = Release|Any CPU
	EndGlobalSection
	GlobalSection(ProjectConfigurationPlatforms) = postSolution
		{B9741261-E704-43E1-BD4E-FEC9C62936AD}.Debug|Any CPU.ActiveCfg = Debug|Any CPU
		{B9741261-E704-43E1-BD4E-FEC9C62936AD}.Debug|Any CPU.Build.0 = Debug|Any CPU
		{B9741261-E704-43E1-BD4E-FEC9C62936AD}.Release|Any CPU.ActiveCfg = Release|Any CPU
		{B9741261-E704-43E1-BD4E-FEC9C62936AD}.Release|Any CPU.Build.0 = Release|Any CPU
	EndGlobalSection
	GlobalSection(SolutionProperties) = preSolution
		HideSolutionNode = FALSE
	EndGlobalSection
	GlobalSection(ExtensibilityGlobals) = postSolution
		SolutionGuid = {577FB6CD-FE24-41CD-81CD-AE6153B29E6F}
	EndGlobalSection
EndGlobal
