
Microsoft Visual Studio Solution File, Format Version 12.00
# Visual Studio Version 17
VisualStudioVersion = 17.3.32901.215
MinimumVisualStudioVersion = 10.0.40219.1
Project("{FAE04EC0-301F-11D3-BF4B-00C04F79EFBC}") = "lab3", "lab3\lab3.csproj", "{B7A0F56B-9CB2-4C94-8640-7B3B407A300D}"
EndProject
Global
	GlobalSection(SolutionConfigurationPlatforms) = preSolution
		Debug|Any CPU = Debug|Any CPU
		Release|Any CPU = Release|Any CPU
	EndGlobalSection
	GlobalSection(ProjectConfigurationPlatforms) = postSolution
		{B7A0F56B-9CB2-4C94-8640-7B3B407A300D}.Debug|Any CPU.ActiveCfg = Debug|Any CPU
		{B7A0F56B-9CB2-4C94-8640-7B3B407A300D}.Debug|Any CPU.Build.0 = Debug|Any CPU
		{B7A0F56B-9CB2-4C94-8640-7B3B407A300D}.Release|Any CPU.ActiveCfg = Release|Any CPU
		{B7A0F56B-9CB2-4C94-8640-7B3B407A300D}.Release|Any CPU.Build.0 = Release|Any CPU
	EndGlobalSection
	GlobalSection(SolutionProperties) = preSolution
		HideSolutionNode = FALSE
	EndGlobalSection
	GlobalSection(ExtensibilityGlobals) = postSolution
		SolutionGuid = {B416876B-86C4-41C2-97FF-342F3503290D}
	EndGlobalSection
EndGlobal
